%{"conform": {:package, "0.10.4"},
  "cowboy": {:package, "1.0.0"},
  "cowlib": {:package, "1.0.0"},
  "exrm": {:package, "0.14.7"},
  "geolix": {:git, "git://github.com/mneudert/geolix.git", "9607e7f927570dfb9b518f43c387a9dc53476e9b", []},
  "jazz": {:package, "0.2.1"},
  "plug": {:package, "0.7.0"},
  "plug_code_reloader": {:git, "git://github.com/AgilionApps/PlugCodeReloader.git", "827db11d7d63bf007fe8f5eb738d6164236a9020", []},
  "poison": {:package, "1.1.1"},
  "ranch": {:package, "1.0.0"}}
